
Microsoft Visual Studio Solution File, Format Version 12.00
# Visual Studio Version 17
VisualStudioVersion = 17.9.34701.34
MinimumVisualStudioVersion = 10.0.40219.1
Project("{FAE04EC0-301F-11D3-BF4B-00C04F79EFBC}") = "Literation Excercise Part 1", "Literation Excercise Part 1\Literation Excercise Part 1.csproj", "{EACDBB51-A3EE-40E0-BE70-329B877D8242}"
EndProject
Global
	GlobalSection(SolutionConfigurationPlatforms) = preSolution
		Debug|Any CPU = Debug|Any CPU
		Release|Any CPU = Release|Any CPU
	EndGlobalSection
	GlobalSection(ProjectConfigurationPlatforms) = postSolution
		{EACDBB51-A3EE-40E0-BE70-329B877D8242}.Debug|Any CPU.ActiveCfg = Debug|Any CPU
		{EACDBB51-A3EE-40E0-BE70-329B877D8242}.Debug|Any CPU.Build.0 = Debug|Any CPU
		{EACDBB51-A3EE-40E0-BE70-329B877D8242}.Release|Any CPU.ActiveCfg = Release|Any CPU
		{EACDBB51-A3EE-40E0-BE70-329B877D8242}.Release|Any CPU.Build.0 = Release|Any CPU
	EndGlobalSection
	GlobalSection(SolutionProperties) = preSolution
		HideSolutionNode = FALSE
	EndGlobalSection
	GlobalSection(ExtensibilityGlobals) = postSolution
		SolutionGuid = {3692334D-D3E4-4994-87E6-27544797BEA8}
	EndGlobalSection
EndGlobal
